
Microsoft Visual Studio Solution File, Format Version 12.00
# Visual Studio Version 16
VisualStudioVersion = 16.0.31019.35
MinimumVisualStudioVersion = 10.0.40219.1
Project("{FAE04EC0-301F-11D3-BF4B-00C04F79EFBC}") = "TicTacToe", "TicTacToe\TicTacToe.csproj", "{4523CE2E-2DC8-412C-869F-2BF46E8B48B7}"
EndProject
Global
	GlobalSection(SolutionConfigurationPlatforms) = preSolution
		Debug|Any CPU = Debug|Any CPU
		Release|Any CPU = Release|Any CPU
	EndGlobalSection
	GlobalSection(ProjectConfigurationPlatforms) = postSolution
		{4523CE2E-2DC8-412C-869F-2BF46E8B48B7}.Debug|Any CPU.ActiveCfg = Debug|Any CPU
		{4523CE2E-2DC8-412C-869F-2BF46E8B48B7}.Debug|Any CPU.Build.0 = Debug|Any CPU
		{4523CE2E-2DC8-412C-869F-2BF46E8B48B7}.Release|Any CPU.ActiveCfg = Release|Any CPU
		{4523CE2E-2DC8-412C-869F-2BF46E8B48B7}.Release|Any CPU.Build.0 = Release|Any CPU
	EndGlobalSection
	GlobalSection(SolutionProperties) = preSolution
		HideSolutionNode = FALSE
	EndGlobalSection
	GlobalSection(ExtensibilityGlobals) = postSolution
		SolutionGuid = {86A762C7-706F-409A-9F64-0847706B47B9}
	EndGlobalSection
EndGlobal
